[[package]]
name = "async-generator"
version = "1.10"
description = "Async generators and context managers for Python 3.5+"
category = "main"
optional = false
python-versions = ">=3.5"

[[package]]
name = "attrs"
version = "21.4.0"
description = "Classes Without Boilerplate"
category = "main"
optional = false
python-versions = ">=2.7, !=3.0.*, !=3.1.*, !=3.2.*, !=3.3.*, !=3.4.*"

[package.extras]
dev = ["cloudpickle", "coverage[toml] (>=5.0.2)", "furo", "hypothesis", "mypy", "pre-commit", "pympler", "pytest (>=4.3.0)", "pytest-mypy-plugins", "six", "sphinx", "sphinx-notfound-page", "zope.interface"]
docs = ["furo", "sphinx", "sphinx-notfound-page", "zope.interface"]
tests = ["cloudpickle", "coverage[toml] (>=5.0.2)", "hypothesis", "mypy", "pympler", "pytest (>=4.3.0)", "pytest-mypy-plugins", "six", "zope.interface"]
tests-no-zope = ["cloudpickle", "coverage[toml] (>=5.0.2)", "hypothesis", "mypy", "pympler", "pytest (>=4.3.0)", "pytest-mypy-plugins", "six"]

[[package]]
name = "backports.functools-lru-cache"
version = "1.6.4"
description = "Backport of functools.lru_cache"
category = "main"
optional = false
python-versions = ">=2.6"

[package.extras]
docs = ["jaraco.packaging (>=8.2)", "rst.linker (>=1.9)", "sphinx"]
testing = ["pytest (>=4.6)", "pytest-black (>=0.3.7)", "pytest-checkdocs (>=2.4)", "pytest-cov", "pytest-enabler (>=1.0.1)", "pytest-flake8", "pytest-mypy"]

[[package]]
name = "black"
version = "23.7.0"
description = "The uncompromising code formatter."
category = "dev"
optional = false
python-versions = ">=3.8"

[package.dependencies]
click = ">=8.0.0"
mypy-extensions = ">=0.4.3"
packaging = ">=22.0"
pathspec = ">=0.9.0"
platformdirs = ">=2"
tomli = {version = ">=1.1.0", markers = "python_version < \"3.11\""}

[package.extras]
colorama = ["colorama (>=0.4.3)"]
d = ["aiohttp (>=3.7.4)"]
jupyter = ["ipython (>=7.8.0)", "tokenize-rt (>=3.2.0)"]
uvloop = ["uvloop (>=0.15.2)"]

[[package]]
name = "certifi"
version = "2021.10.8"
description = "Python package for providing Mozilla's CA Bundle."
category = "main"
optional = false
python-versions = "*"

[[package]]
name = "cffi"
version = "1.15.0"
description = "Foreign Function Interface for Python calling C code."
category = "main"
optional = false
python-versions = "*"

[package.dependencies]
pycparser = "*"

[[package]]
name = "click"
version = "8.0.4"
description = "Composable command line interface toolkit"
category = "main"
optional = false
python-versions = ">=3.6"

[package.dependencies]
colorama = {version = "*", markers = "platform_system == \"Windows\""}

[[package]]
name = "colorama"
version = "0.4.4"
description = "Cross-platform colored terminal text."
category = "main"
optional = false
python-versions = ">=2.7, !=3.0.*, !=3.1.*, !=3.2.*, !=3.3.*, !=3.4.*"

[[package]]
name = "cryptography"
version = "36.0.2"
description = "cryptography is a package which provides cryptographic recipes and primitives to Python developers."
category = "main"
optional = false
python-versions = ">=3.6"

[package.dependencies]
cffi = ">=1.12"

[package.extras]
docs = ["sphinx (>=1.6.5,!=1.8.0,!=3.1.0,!=3.1.1)", "sphinx_rtd_theme"]
docstest = ["pyenchant (>=1.6.11)", "sphinxcontrib-spelling (>=4.0.1)", "twine (>=1.12.0)"]
pep8test = ["black", "flake8", "flake8-import-order", "pep8-naming"]
sdist = ["setuptools_rust (>=0.11.4)"]
ssh = ["bcrypt (>=3.1.5)"]
test = ["hypothesis (>=1.11.4,!=3.79.2)", "iso8601", "pretend", "pytest (>=6.2.0)", "pytest-cov", "pytest-subtests", "pytest-xdist", "pytz"]

[[package]]
name = "h11"
version = "0.13.0"
description = "A pure-Python, bring-your-own-I/O implementation of HTTP/1.1"
category = "main"
optional = false
python-versions = ">=3.6"

[[package]]
name = "idna"
version = "3.3"
description = "Internationalized Domain Names in Applications (IDNA)"
category = "main"
optional = false
python-versions = ">=3.5"

[[package]]
name = "indic-transliteration"
version = "2.3.25"
description = "Transliteration tools to convert text in one indic script encoding to another"
category = "main"
optional = false
python-versions = "*"

[package.dependencies]
"backports.functools-lru-cache" = "*"
regex = "*"
roman = "*"
selenium = "*"
toml = "*"
typer = "*"

[package.extras]
test = ["pytest"]

[[package]]
name = "mypy-extensions"
version = "0.4.3"
description = "Experimental type system extensions for programs checked with the mypy typechecker."
category = "dev"
optional = false
python-versions = "*"

[[package]]
name = "outcome"
version = "1.1.0"
description = "Capture the outcome of Python function calls."
category = "main"
optional = false
python-versions = ">=3.6"

[package.dependencies]
attrs = ">=19.2.0"

[[package]]
name = "packaging"
version = "23.1"
description = "Core utilities for Python packages"
category = "dev"
optional = false
python-versions = ">=3.7"

[[package]]
name = "pathspec"
version = "0.9.0"
description = "Utility library for gitignore style pattern matching of file paths."
category = "dev"
optional = false
python-versions = "!=3.0.*,!=3.1.*,!=3.2.*,!=3.3.*,!=3.4.*,>=2.7"

[[package]]
name = "platformdirs"
version = "2.5.1"
description = "A small Python module for determining appropriate platform-specific dirs, e.g. a \"user data dir\"."
category = "dev"
optional = false
python-versions = ">=3.7"

[package.extras]
docs = ["Sphinx (>=4)", "furo (>=2021.7.5b38)", "proselint (>=0.10.2)", "sphinx-autodoc-typehints (>=1.12)"]
test = ["appdirs (==1.4.4)", "pytest (>=6)", "pytest-cov (>=2.7)", "pytest-mock (>=3.6)"]

[[package]]
name = "pycparser"
version = "2.21"
description = "C parser in Python"
category = "main"
optional = false
python-versions = ">=2.7, !=3.0.*, !=3.1.*, !=3.2.*, !=3.3.*"

[[package]]
name = "pyopenssl"
version = "22.0.0"
description = "Python wrapper module around the OpenSSL library"
category = "main"
optional = false
python-versions = ">=3.6"

[package.dependencies]
cryptography = ">=35.0"

[package.extras]
docs = ["sphinx", "sphinx-rtd-theme"]
test = ["flaky", "pretend", "pytest (>=3.0.1)"]

[[package]]
name = "pysocks"
version = "1.7.1"
description = "A Python SOCKS client module. See https://github.com/Anorov/PySocks for more information."
category = "main"
optional = false
python-versions = ">=2.7, !=3.0.*, !=3.1.*, !=3.2.*, !=3.3.*"

[[package]]
name = "regex"
version = "2022.3.15"
description = "Alternative regular expression module, to replace re."
category = "main"
optional = false
python-versions = ">=3.6"

[[package]]
name = "roman"
version = "3.3"
description = "Integer to Roman numerals converter"
category = "main"
optional = false
python-versions = ">=2.7,!=3.0.*,!=3.1.*,!=3.2.*,!=3.3.*,!=3.4.*"

[[package]]
name = "selenium"
version = "4.1.3"
description = ""
category = "main"
optional = false
python-versions = "~=3.7"

[package.dependencies]
trio = ">=0.17,<1.0"
trio-websocket = ">=0.9,<1.0"
urllib3 = {version = ">=1.26,<2.0", extras = ["secure", "socks"]}

[[package]]
name = "sniffio"
version = "1.2.0"
description = "Sniff out which async library your code is running under"
category = "main"
optional = false
python-versions = ">=3.5"

[[package]]
name = "sortedcontainers"
version = "2.4.0"
description = "Sorted Containers -- Sorted List, Sorted Dict, Sorted Set"
category = "main"
optional = false
python-versions = "*"

[[package]]
name = "toml"
version = "0.10.2"
description = "Python Library for Tom's Obvious, Minimal Language"
category = "main"
optional = false
python-versions = ">=2.6, !=3.0.*, !=3.1.*, !=3.2.*"

[[package]]
name = "tomli"
version = "2.0.1"
description = "A lil' TOML parser"
category = "dev"
optional = false
python-versions = ">=3.7"

[[package]]
name = "trio"
version = "0.20.0"
description = "A friendly Python library for async concurrency and I/O"
category = "main"
optional = false
python-versions = ">=3.7"

[package.dependencies]
async-generator = ">=1.9"
attrs = ">=19.2.0"
cffi = {version = ">=1.14", markers = "os_name == \"nt\" and implementation_name != \"pypy\""}
idna = "*"
outcome = "*"
sniffio = "*"
sortedcontainers = "*"

[[package]]
name = "trio-websocket"
version = "0.9.2"
description = "WebSocket library for Trio"
category = "main"
optional = false
python-versions = ">=3.5"

[package.dependencies]
async-generator = ">=1.10"
trio = ">=0.11"
wsproto = ">=0.14"

[[package]]
name = "typer"
version = "0.4.0"
description = "Typer, build great CLIs. Easy to code. Based on Python type hints."
category = "main"
optional = false
python-versions = ">=3.6"

[package.dependencies]
click = ">=7.1.1,<9.0.0"

[package.extras]
all = ["colorama (>=0.4.3,<0.5.0)", "shellingham (>=1.3.0,<2.0.0)"]
dev = ["autoflake (>=1.3.1,<2.0.0)", "flake8 (>=3.8.3,<4.0.0)"]
doc = ["markdown-include (>=0.5.1,<0.6.0)", "mkdocs (>=1.1.2,<2.0.0)", "mkdocs-material (>=5.4.0,<6.0.0)"]
test = ["black (>=19.10b0,<20.0b0)", "coverage (>=5.2,<6.0)", "isort (>=5.0.6,<6.0.0)", "mypy (==0.910)", "pytest (>=4.4.0,<5.4.0)", "pytest-cov (>=2.10.0,<3.0.0)", "pytest-sugar (>=0.9.4,<0.10.0)", "pytest-xdist (>=1.32.0,<2.0.0)", "shellingham (>=1.3.0,<2.0.0)"]

[[package]]
name = "urllib3"
version = "1.26.9"
description = "HTTP library with thread-safe connection pooling, file post, and more."
category = "main"
optional = false
python-versions = ">=2.7, !=3.0.*, !=3.1.*, !=3.2.*, !=3.3.*, !=3.4.*, <4"

[package.dependencies]
certifi = {version = "*", optional = true, markers = "extra == \"secure\""}
cryptography = {version = ">=1.3.4", optional = true, markers = "extra == \"secure\""}
idna = {version = ">=2.0.0", optional = true, markers = "extra == \"secure\""}
pyOpenSSL = {version = ">=0.14", optional = true, markers = "extra == \"secure\""}
PySocks = {version = ">=1.5.6,<1.5.7 || >1.5.7,<2.0", optional = true, markers = "extra == \"socks\""}

[package.extras]
brotli = ["brotli (>=1.0.9)", "brotlicffi (>=0.8.0)", "brotlipy (>=0.6.0)"]
secure = ["certifi", "cryptography (>=1.3.4)", "idna (>=2.0.0)", "ipaddress", "pyOpenSSL (>=0.14)"]
socks = ["PySocks (>=1.5.6,!=1.5.7,<2.0)"]

[[package]]
name = "wsproto"
version = "1.1.0"
description = "WebSockets state-machine based protocol implementation"
category = "main"
optional = false
python-versions = ">=3.7.0"

[package.dependencies]
h11 = ">=0.9.0,<1"

[metadata]
lock-version = "1.1"
python-versions = "^3.10"
content-hash = "fbdc6cec96a39e3f0baa29045209444e5827e620f2deeb2fa2bf746e50f275e0"

[metadata.files]
async-generator = [
    {file = "async_generator-1.10-py3-none-any.whl", hash = "sha256:01c7bf666359b4967d2cda0000cc2e4af16a0ae098cbffcb8472fb9e8ad6585b"},
    {file = "async_generator-1.10.tar.gz", hash = "sha256:6ebb3d106c12920aaae42ccb6f787ef5eefdcdd166ea3d628fa8476abe712144"},
]
attrs = [
    {file = "attrs-21.4.0-py2.py3-none-any.whl", hash = "sha256:2d27e3784d7a565d36ab851fe94887c5eccd6a463168875832a1be79c82828b4"},
    {file = "attrs-21.4.0.tar.gz", hash = "sha256:626ba8234211db98e869df76230a137c4c40a12d72445c45d5f5b716f076e2fd"},
]
"backports.functools-lru-cache" = [
    {file = "backports.functools_lru_cache-1.6.4-py2.py3-none-any.whl", hash = "sha256:dbead04b9daa817909ec64e8d2855fb78feafe0b901d4568758e3a60559d8978"},
    {file = "backports.functools_lru_cache-1.6.4.tar.gz", hash = "sha256:d5ed2169378b67d3c545e5600d363a923b09c456dab1593914935a68ad478271"},
]
black = [
    {file = "black-23.7.0-cp310-cp310-macosx_10_16_arm64.whl", hash = "sha256:5c4bc552ab52f6c1c506ccae05681fab58c3f72d59ae6e6639e8885e94fe2587"},
    {file = "black-23.7.0-cp310-cp310-macosx_10_16_universal2.whl", hash = "sha256:552513d5cd5694590d7ef6f46e1767a4df9af168d449ff767b13b084c020e63f"},
    {file = "black-23.7.0-cp310-cp310-macosx_10_16_x86_64.whl", hash = "sha256:86cee259349b4448adb4ef9b204bb4467aae74a386bce85d56ba4f5dc0da27be"},
    {file = "black-23.7.0-cp310-cp310-manylinux_2_17_x86_64.manylinux2014_x86_64.whl", hash = "sha256:501387a9edcb75d7ae8a4412bb8749900386eaef258f1aefab18adddea1936bc"},
    {file = "black-23.7.0-cp310-cp310-win_amd64.whl", hash = "sha256:fb074d8b213749fa1d077d630db0d5f8cc3b2ae63587ad4116e8a436e9bbe995"},
    {file = "black-23.7.0-cp311-cp311-macosx_10_16_arm64.whl", hash = "sha256:b5b0ee6d96b345a8b420100b7d71ebfdd19fab5e8301aff48ec270042cd40ac2"},
    {file = "black-23.7.0-cp311-cp311-macosx_10_16_universal2.whl", hash = "sha256:893695a76b140881531062d48476ebe4a48f5d1e9388177e175d76234ca247cd"},
    {file = "black-23.7.0-cp311-cp311-macosx_10_16_x86_64.whl", hash = "sha256:c333286dc3ddca6fdff74670b911cccedacb4ef0a60b34e491b8a67c833b343a"},
    {file = "black-23.7.0-cp311-cp311-manylinux_2_17_x86_64.manylinux2014_x86_64.whl", hash = "sha256:831d8f54c3a8c8cf55f64d0422ee875eecac26f5f649fb6c1df65316b67c8926"},
    {file = "black-23.7.0-cp311-cp311-win_amd64.whl", hash = "sha256:7f3bf2dec7d541b4619b8ce526bda74a6b0bffc480a163fed32eb8b3c9aed8ad"},
    {file = "black-23.7.0-cp38-cp38-macosx_10_16_arm64.whl", hash = "sha256:f9062af71c59c004cd519e2fb8f5d25d39e46d3af011b41ab43b9c74e27e236f"},
    {file = "black-23.7.0-cp38-cp38-macosx_10_16_universal2.whl", hash = "sha256:01ede61aac8c154b55f35301fac3e730baf0c9cf8120f65a9cd61a81cfb4a0c3"},
    {file = "black-23.7.0-cp38-cp38-macosx_10_16_x86_64.whl", hash = "sha256:327a8c2550ddc573b51e2c352adb88143464bb9d92c10416feb86b0f5aee5ff6"},
    {file = "black-23.7.0-cp38-cp38-manylinux_2_17_x86_64.manylinux2014_x86_64.whl", hash = "sha256:6d1c6022b86f83b632d06f2b02774134def5d4d4f1dac8bef16d90cda18ba28a"},
    {file = "black-23.7.0-cp38-cp38-win_amd64.whl", hash = "sha256:27eb7a0c71604d5de083757fbdb245b1a4fae60e9596514c6ec497eb63f95320"},
    {file = "black-23.7.0-cp39-cp39-macosx_10_16_arm64.whl", hash = "sha256:8417dbd2f57b5701492cd46edcecc4f9208dc75529bcf76c514864e48da867d9"},
    {file = "black-23.7.0-cp39-cp39-macosx_10_16_universal2.whl", hash = "sha256:47e56d83aad53ca140da0af87678fb38e44fd6bc0af71eebab2d1f59b1acf1d3"},
    {file = "black-23.7.0-cp39-cp39-macosx_10_16_x86_64.whl", hash = "sha256:25cc308838fe71f7065df53aedd20327969d05671bac95b38fdf37ebe70ac087"},
    {file = "black-23.7.0-cp39-cp39-manylinux_2_17_x86_64.manylinux2014_x86_64.whl", hash = "sha256:642496b675095d423f9b8448243336f8ec71c9d4d57ec17bf795b67f08132a91"},
    {file = "black-23.7.0-cp39-cp39-win_amd64.whl", hash = "sha256:ad0014efc7acf0bd745792bd0d8857413652979200ab924fbf239062adc12491"},
    {file = "black-23.7.0-py3-none-any.whl", hash = "sha256:9fd59d418c60c0348505f2ddf9609c1e1de8e7493eab96198fc89d9f865e7a96"},
    {file = "black-23.7.0.tar.gz", hash = "sha256:022a582720b0d9480ed82576c920a8c1dde97cc38ff11d8d8859b3bd6ca9eedb"},
]
certifi = [
    {file = "certifi-2021.10.8-py2.py3-none-any.whl", hash = "sha256:d62a0163eb4c2344ac042ab2bdf75399a71a2d8c7d47eac2e2ee91b9d6339569"},
    {file = "certifi-2021.10.8.tar.gz", hash = "sha256:78884e7c1d4b00ce3cea67b44566851c4343c120abd683433ce934a68ea58872"},
]
cffi = [
    {file = "cffi-1.15.0-cp27-cp27m-macosx_10_9_x86_64.whl", hash = "sha256:c2502a1a03b6312837279c8c1bd3ebedf6c12c4228ddbad40912d671ccc8a962"},
    {file = "cffi-1.15.0-cp27-cp27m-manylinux1_i686.whl", hash = "sha256:23cfe892bd5dd8941608f93348c0737e369e51c100d03718f108bf1add7bd6d0"},
    {file = "cffi-1.15.0-cp27-cp27m-manylinux1_x86_64.whl", hash = "sha256:41d45de54cd277a7878919867c0f08b0cf817605e4eb94093e7516505d3c8d14"},
    {file = "cffi-1.15.0-cp27-cp27m-win32.whl", hash = "sha256:4a306fa632e8f0928956a41fa8e1d6243c71e7eb59ffbd165fc0b41e316b2474"},
    {file = "cffi-1.15.0-cp27-cp27m-win_amd64.whl", hash = "sha256:e7022a66d9b55e93e1a845d8c9eba2a1bebd4966cd8bfc25d9cd07d515b33fa6"},
    {file = "cffi-1.15.0-cp27-cp27mu-manylinux1_i686.whl", hash = "sha256:14cd121ea63ecdae71efa69c15c5543a4b5fbcd0bbe2aad864baca0063cecf27"},
    {file = "cffi-1.15.0-cp27-cp27mu-manylinux1_x86_64.whl", hash = "sha256:d4d692a89c5cf08a8557fdeb329b82e7bf609aadfaed6c0d79f5a449a3c7c023"},
    {file = "cffi-1.15.0-cp310-cp310-macosx_10_9_x86_64.whl", hash = "sha256:0104fb5ae2391d46a4cb082abdd5c69ea4eab79d8d44eaaf79f1b1fd806ee4c2"},
    {file = "cffi-1.15.0-cp310-cp310-macosx_11_0_arm64.whl", hash = "sha256:91ec59c33514b7c7559a6acda53bbfe1b283949c34fe7440bcf917f96ac0723e"},
    {file = "cffi-1.15.0-cp310-cp310-manylinux_2_12_i686.manylinux2010_i686.whl", hash = "sha256:f5c7150ad32ba43a07c4479f40241756145a1f03b43480e058cfd862bf5041c7"},
    {file = "cffi-1.15.0-cp310-cp310-manylinux_2_12_x86_64.manylinux2010_x86_64.whl", hash = "sha256:00c878c90cb53ccfaae6b8bc18ad05d2036553e6d9d1d9dbcf323bbe83854ca3"},
    {file = "cffi-1.15.0-cp310-cp310-manylinux_2_17_aarch64.manylinux2014_aarch64.whl", hash = "sha256:abb9a20a72ac4e0fdb50dae135ba5e77880518e742077ced47eb1499e29a443c"},
    {file = "cffi-1.15.0-cp310-cp310-manylinux_2_17_ppc64le.manylinux2014_ppc64le.whl", hash = "sha256:a5263e363c27b653a90078143adb3d076c1a748ec9ecc78ea2fb916f9b861962"},
    {file = "cffi-1.15.0-cp310-cp310-manylinux_2_17_s390x.manylinux2014_s390x.whl", hash = "sha256:f54a64f8b0c8ff0b64d18aa76675262e1700f3995182267998c31ae974fbc382"},
    {file = "cffi-1.15.0-cp310-cp310-win32.whl", hash = "sha256:c21c9e3896c23007803a875460fb786118f0cdd4434359577ea25eb556e34c55"},
    {file = "cffi-1.15.0-cp310-cp310-win_amd64.whl", hash = "sha256:5e069f72d497312b24fcc02073d70cb989045d1c91cbd53979366077959933e0"},
    {file = "cffi-1.15.0-cp36-cp36m-macosx_10_9_x86_64.whl", hash = "sha256:64d4ec9f448dfe041705426000cc13e34e6e5bb13736e9fd62e34a0b0c41566e"},
    {file = "cffi-1.15.0-cp36-cp36m-manylinux_2_17_aarch64.manylinux2014_aarch64.whl", hash = "sha256:2756c88cbb94231c7a147402476be2c4df2f6078099a6f4a480d239a8817ae39"},
    {file = "cffi-1.15.0-cp36-cp36m-manylinux_2_17_ppc64le.manylinux2014_ppc64le.whl", hash = "sha256:3b96a311ac60a3f6be21d2572e46ce67f09abcf4d09344c49274eb9e0bf345fc"},
    {file = "cffi-1.15.0-cp36-cp36m-manylinux_2_17_s390x.manylinux2014_s390x.whl", hash = "sha256:75e4024375654472cc27e91cbe9eaa08567f7fbdf822638be2814ce059f58032"},
    {file = "cffi-1.15.0-cp36-cp36m-manylinux_2_5_i686.manylinux1_i686.whl", hash = "sha256:59888172256cac5629e60e72e86598027aca6bf01fa2465bdb676d37636573e8"},
    {file = "cffi-1.15.0-cp36-cp36m-manylinux_2_5_x86_64.manylinux1_x86_64.whl", hash = "sha256:27c219baf94952ae9d50ec19651a687b826792055353d07648a5695413e0c605"},
    {file = "cffi-1.15.0-cp36-cp36m-win32.whl", hash = "sha256:4958391dbd6249d7ad855b9ca88fae690783a6be9e86df65865058ed81fc860e"},
    {file = "cffi-1.15.0-cp36-cp36m-win_amd64.whl", hash = "sha256:f6f824dc3bce0edab5f427efcfb1d63ee75b6fcb7282900ccaf925be84efb0fc"},
    {file = "cffi-1.15.0-cp37-cp37m-macosx_10_9_x86_64.whl", hash = "sha256:06c48159c1abed75c2e721b1715c379fa3200c7784271b3c46df01383b593636"},
    {file = "cffi-1.15.0-cp37-cp37m-manylinux_2_12_i686.manylinux2010_i686.whl", hash = "sha256:c2051981a968d7de9dd2d7b87bcb9c939c74a34626a6e2f8181455dd49ed69e4"},
    {file = "cffi-1.15.0-cp37-cp37m-manylinux_2_12_x86_64.manylinux2010_x86_64.whl", hash = "sha256:fd8a250edc26254fe5b33be00402e6d287f562b6a5b2152dec302fa15bb3e997"},
    {file = "cffi-1.15.0-cp37-cp37m-manylinux_2_17_aarch64.manylinux2014_aarch64.whl", hash = "sha256:91d77d2a782be4274da750752bb1650a97bfd8f291022b379bb8e01c66b4e96b"},
    {file = "cffi-1.15.0-cp37-cp37m-manylinux_2_17_ppc64le.manylinux2014_ppc64le.whl", hash = "sha256:45db3a33139e9c8f7c09234b5784a5e33d31fd6907800b316decad50af323ff2"},
    {file = "cffi-1.15.0-cp37-cp37m-manylinux_2_17_s390x.manylinux2014_s390x.whl", hash = "sha256:263cc3d821c4ab2213cbe8cd8b355a7f72a8324577dc865ef98487c1aeee2bc7"},
    {file = "cffi-1.15.0-cp37-cp37m-win32.whl", hash = "sha256:17771976e82e9f94976180f76468546834d22a7cc404b17c22df2a2c81db0c66"},
    {file = "cffi-1.15.0-cp37-cp37m-win_amd64.whl", hash = "sha256:3415c89f9204ee60cd09b235810be700e993e343a408693e80ce7f6a40108029"},
    {file = "cffi-1.15.0-cp38-cp38-macosx_10_9_x86_64.whl", hash = "sha256:4238e6dab5d6a8ba812de994bbb0a79bddbdf80994e4ce802b6f6f3142fcc880"},
    {file = "cffi-1.15.0-cp38-cp38-manylinux_2_12_i686.manylinux2010_i686.whl", hash = "sha256:0808014eb713677ec1292301ea4c81ad277b6cdf2fdd90fd540af98c0b101d20"},
    {file = "cffi-1.15.0-cp38-cp38-manylinux_2_12_x86_64.manylinux2010_x86_64.whl", hash = "sha256:57e9ac9ccc3101fac9d6014fba037473e4358ef4e89f8e181f8951a2c0162024"},
    {file = "cffi-1.15.0-cp38-cp38-manylinux_2_17_aarch64.manylinux2014_aarch64.whl", hash = "sha256:8b6c2ea03845c9f501ed1313e78de148cd3f6cad741a75d43a29b43da27f2e1e"},
    {file = "cffi-1.15.0-cp38-cp38-manylinux_2_17_ppc64le.manylinux2014_ppc64le.whl", hash = "sha256:10dffb601ccfb65262a27233ac273d552ddc4d8ae1bf93b21c94b8511bffe728"},
    {file = "cffi-1.15.0-cp38-cp38-manylinux_2_17_s390x.manylinux2014_s390x.whl", hash = "sha256:786902fb9ba7433aae840e0ed609f45c7bcd4e225ebb9c753aa39725bb3e6ad6"},
    {file = "cffi-1.15.0-cp38-cp38-win32.whl", hash = "sha256:da5db4e883f1ce37f55c667e5c0de439df76ac4cb55964655906306918e7363c"},
    {file = "cffi-1.15.0-cp38-cp38-win_amd64.whl", hash = "sha256:181dee03b1170ff1969489acf1c26533710231c58f95534e3edac87fff06c443"},
    {file = "cffi-1.15.0-cp39-cp39-macosx_10_9_x86_64.whl", hash = "sha256:45e8636704eacc432a206ac7345a5d3d2c62d95a507ec70d62f23cd91770482a"},
    {file = "cffi-1.15.0-cp39-cp39-macosx_11_0_arm64.whl", hash = "sha256:31fb708d9d7c3f49a60f04cf5b119aeefe5644daba1cd2a0fe389b674fd1de37"},
    {file = "cffi-1.15.0-cp39-cp39-manylinux_2_12_i686.manylinux2010_i686.whl", hash = "sha256:6dc2737a3674b3e344847c8686cf29e500584ccad76204efea14f451d4cc669a"},
    {file = "cffi-1.15.0-cp39-cp39-manylinux_2_12_x86_64.manylinux2010_x86_64.whl", hash = "sha256:74fdfdbfdc48d3f47148976f49fab3251e550a8720bebc99bf1483f5bfb5db3e"},
    {file = "cffi-1.15.0-cp39-cp39-manylinux_2_17_aarch64.manylinux2014_aarch64.whl", hash = "sha256:ffaa5c925128e29efbde7301d8ecaf35c8c60ffbcd6a1ffd3a552177c8e5e796"},
    {file = "cffi-1.15.0-cp39-cp39-manylinux_2_17_ppc64le.manylinux2014_ppc64le.whl", hash = "sha256:3f7d084648d77af029acb79a0ff49a0ad7e9d09057a9bf46596dac9514dc07df"},
    {file = "cffi-1.15.0-cp39-cp39-manylinux_2_17_s390x.manylinux2014_s390x.whl", hash = "sha256:ef1f279350da2c586a69d32fc8733092fd32cc8ac95139a00377841f59a3f8d8"},
    {file = "cffi-1.15.0-cp39-cp39-win32.whl", hash = "sha256:2a23af14f408d53d5e6cd4e3d9a24ff9e05906ad574822a10563efcef137979a"},
    {file = "cffi-1.15.0-cp39-cp39-win_amd64.whl", hash = "sha256:3773c4d81e6e818df2efbc7dd77325ca0dcb688116050fb2b3011218eda36139"},
    {file = "cffi-1.15.0.tar.gz", hash = "sha256:920f0d66a896c2d99f0adbb391f990a84091179542c205fa53ce5787aff87954"},
]
click = [
    {file = "click-8.0.4-py3-none-any.whl", hash = "sha256:6a7a62563bbfabfda3a38f3023a1db4a35978c0abd76f6c9605ecd6554d6d9b1"},
    {file = "click-8.0.4.tar.gz", hash = "sha256:8458d7b1287c5fb128c90e23381cf99dcde74beaf6c7ff6384ce84d6fe090adb"},
]
colorama = [
    {file = "colorama-0.4.4-py2.py3-none-any.whl", hash = "sha256:9f47eda37229f68eee03b24b9748937c7dc3868f906e8ba69fbcbdd3bc5dc3e2"},
    {file = "colorama-0.4.4.tar.gz", hash = "sha256:5941b2b48a20143d2267e95b1c2a7603ce057ee39fd88e7329b0c292aa16869b"},
]
cryptography = [
    {file = "cryptography-36.0.2-cp36-abi3-macosx_10_10_universal2.whl", hash = "sha256:4e2dddd38a5ba733be6a025a1475a9f45e4e41139d1321f412c6b360b19070b6"},
    {file = "cryptography-36.0.2-cp36-abi3-macosx_10_10_x86_64.whl", hash = "sha256:4881d09298cd0b669bb15b9cfe6166f16fc1277b4ed0d04a22f3d6430cb30f1d"},
    {file = "cryptography-36.0.2-cp36-abi3-manylinux_2_12_x86_64.manylinux2010_x86_64.whl", hash = "sha256:ea634401ca02367c1567f012317502ef3437522e2fc44a3ea1844de028fa4b84"},
    {file = "cryptography-36.0.2-cp36-abi3-manylinux_2_17_aarch64.manylinux2014_aarch64.manylinux_2_24_aarch64.whl", hash = "sha256:7be666cc4599b415f320839e36367b273db8501127b38316f3b9f22f17a0b815"},
    {file = "cryptography-36.0.2-cp36-abi3-manylinux_2_17_aarch64.manylinux2014_aarch64.whl", hash = "sha256:8241cac0aae90b82d6b5c443b853723bcc66963970c67e56e71a2609dc4b5eaf"},
    {file = "cryptography-36.0.2-cp36-abi3-manylinux_2_17_x86_64.manylinux2014_x86_64.whl", hash = "sha256:7b2d54e787a884ffc6e187262823b6feb06c338084bbe80d45166a1cb1c6c5bf"},
    {file = "cryptography-36.0.2-cp36-abi3-manylinux_2_24_x86_64.whl", hash = "sha256:c2c5250ff0d36fd58550252f54915776940e4e866f38f3a7866d92b32a654b86"},
    {file = "cryptography-36.0.2-cp36-abi3-musllinux_1_1_aarch64.whl", hash = "sha256:ec6597aa85ce03f3e507566b8bcdf9da2227ec86c4266bd5e6ab4d9e0cc8dab2"},
    {file = "cryptography-36.0.2-cp36-abi3-musllinux_1_1_x86_64.whl", hash = "sha256:ca9f686517ec2c4a4ce930207f75c00bf03d94e5063cbc00a1dc42531511b7eb"},
    {file = "cryptography-36.0.2-cp36-abi3-win32.whl", hash = "sha256:f64b232348ee82f13aac22856515ce0195837f6968aeaa94a3d0353ea2ec06a6"},
    {file = "cryptography-36.0.2-cp36-abi3-win_amd64.whl", hash = "sha256:53e0285b49fd0ab6e604f4c5d9c5ddd98de77018542e88366923f152dbeb3c29"},
    {file = "cryptography-36.0.2-pp37-pypy37_pp73-manylinux_2_12_x86_64.manylinux2010_x86_64.whl", hash = "sha256:32db5cc49c73f39aac27574522cecd0a4bb7384e71198bc65a0d23f901e89bb7"},
    {file = "cryptography-36.0.2-pp37-pypy37_pp73-manylinux_2_17_x86_64.manylinux2014_x86_64.whl", hash = "sha256:d2b3d199647468d410994dbeb8cec5816fb74feb9368aedf300af709ef507e3e"},
    {file = "cryptography-36.0.2-pp37-pypy37_pp73-manylinux_2_24_x86_64.whl", hash = "sha256:da73d095f8590ad437cd5e9faf6628a218aa7c387e1fdf67b888b47ba56a17f0"},
    {file = "cryptography-36.0.2-pp38-pypy38_pp73-macosx_10_10_x86_64.whl", hash = "sha256:0a3bf09bb0b7a2c93ce7b98cb107e9170a90c51a0162a20af1c61c765b90e60b"},
    {file = "cryptography-36.0.2-pp38-pypy38_pp73-manylinux_2_12_x86_64.manylinux2010_x86_64.whl", hash = "sha256:8897b7b7ec077c819187a123174b645eb680c13df68354ed99f9b40a50898f77"},
    {file = "cryptography-36.0.2-pp38-pypy38_pp73-manylinux_2_17_x86_64.manylinux2014_x86_64.whl", hash = "sha256:82740818f2f240a5da8dfb8943b360e4f24022b093207160c77cadade47d7c85"},
    {file = "cryptography-36.0.2-pp38-pypy38_pp73-manylinux_2_24_x86_64.whl", hash = "sha256:1f64a62b3b75e4005df19d3b5235abd43fa6358d5516cfc43d87aeba8d08dd51"},
    {file = "cryptography-36.0.2-pp38-pypy38_pp73-win_amd64.whl", hash = "sha256:e167b6b710c7f7bc54e67ef593f8731e1f45aa35f8a8a7b72d6e42ec76afd4b3"},
    {file = "cryptography-36.0.2.tar.gz", hash = "sha256:70f8f4f7bb2ac9f340655cbac89d68c527af5bb4387522a8413e841e3e6628c9"},
]
h11 = [
    {file = "h11-0.13.0-py3-none-any.whl", hash = "sha256:8ddd78563b633ca55346c8cd41ec0af27d3c79931828beffb46ce70a379e7442"},
    {file = "h11-0.13.0.tar.gz", hash = "sha256:70813c1135087a248a4d38cc0e1a0181ffab2188141a93eaf567940c3957ff06"},
]
idna = [
    {file = "idna-3.3-py3-none-any.whl", hash = "sha256:84d9dd047ffa80596e0f246e2eab0b391788b0503584e8945f2368256d2735ff"},
    {file = "idna-3.3.tar.gz", hash = "sha256:9d643ff0a55b762d5cdb124b8eaa99c66322e2157b69160bc32796e824360e6d"},
]
indic-transliteration = [
    {file = "indic_transliteration-2.3.25-py3-none-any.whl", hash = "sha256:2850f1b7d3f886fc8c1048f3ec73597fd143140b4748e501275368fefa579a87"},
]
mypy-extensions = [
    {file = "mypy_extensions-0.4.3-py2.py3-none-any.whl", hash = "sha256:090fedd75945a69ae91ce1303b5824f428daf5a028d2f6ab8a299250a846f15d"},
    {file = "mypy_extensions-0.4.3.tar.gz", hash = "sha256:2d82818f5bb3e369420cb3c4060a7970edba416647068eb4c5343488a6c604a8"},
]
outcome = [
    {file = "outcome-1.1.0-py2.py3-none-any.whl", hash = "sha256:c7dd9375cfd3c12db9801d080a3b63d4b0a261aa996c4c13152380587288d958"},
    {file = "outcome-1.1.0.tar.gz", hash = "sha256:e862f01d4e626e63e8f92c38d1f8d5546d3f9cce989263c521b2e7990d186967"},
]
packaging = [
    {file = "packaging-23.1-py3-none-any.whl", hash = "sha256:994793af429502c4ea2ebf6bf664629d07c1a9fe974af92966e4b8d2df7edc61"},
    {file = "packaging-23.1.tar.gz", hash = "sha256:a392980d2b6cffa644431898be54b0045151319d1e7ec34f0cfed48767dd334f"},
]
pathspec = [
    {file = "pathspec-0.9.0-py2.py3-none-any.whl", hash = "sha256:7d15c4ddb0b5c802d161efc417ec1a2558ea2653c2e8ad9c19098201dc1c993a"},
    {file = "pathspec-0.9.0.tar.gz", hash = "sha256:e564499435a2673d586f6b2130bb5b95f04a3ba06f81b8f895b651a3c76aabb1"},
]
platformdirs = [
    {file = "platformdirs-2.5.1-py3-none-any.whl", hash = "sha256:bcae7cab893c2d310a711b70b24efb93334febe65f8de776ee320b517471e227"},
    {file = "platformdirs-2.5.1.tar.gz", hash = "sha256:7535e70dfa32e84d4b34996ea99c5e432fa29a708d0f4e394bbcb2a8faa4f16d"},
]
pycparser = [
    {file = "pycparser-2.21-py2.py3-none-any.whl", hash = "sha256:8ee45429555515e1f6b185e78100aea234072576aa43ab53aefcae078162fca9"},
    {file = "pycparser-2.21.tar.gz", hash = "sha256:e644fdec12f7872f86c58ff790da456218b10f863970249516d60a5eaca77206"},
]
pyopenssl = [
    {file = "pyOpenSSL-22.0.0-py2.py3-none-any.whl", hash = "sha256:ea252b38c87425b64116f808355e8da644ef9b07e429398bfece610f893ee2e0"},
    {file = "pyOpenSSL-22.0.0.tar.gz", hash = "sha256:660b1b1425aac4a1bea1d94168a85d99f0b3144c869dd4390d27629d0087f1bf"},
]
pysocks = [
    {file = "PySocks-1.7.1-py27-none-any.whl", hash = "sha256:08e69f092cc6dbe92a0fdd16eeb9b9ffbc13cadfe5ca4c7bd92ffb078b293299"},
    {file = "PySocks-1.7.1-py3-none-any.whl", hash = "sha256:2725bd0a9925919b9b51739eea5f9e2bae91e83288108a9ad338b2e3a4435ee5"},
    {file = "PySocks-1.7.1.tar.gz", hash = "sha256:3f8804571ebe159c380ac6de37643bb4685970655d3bba243530d6558b799aa0"},
]
regex = [
    {file = "regex-2022.3.15-cp310-cp310-macosx_10_9_x86_64.whl", hash = "sha256:42eb13b93765c6698a5ab3bcd318d8c39bb42e5fa8a7fcf7d8d98923f3babdb1"},
    {file = "regex-2022.3.15-cp310-cp310-macosx_11_0_arm64.whl", hash = "sha256:9beb03ff6fe509d6455971c2489dceb31687b38781206bcec8e68bdfcf5f1db2"},
    {file = "regex-2022.3.15-cp310-cp310-manylinux_2_17_aarch64.manylinux2014_aarch64.whl", hash = "sha256:d0a5a1fdc9f148a8827d55b05425801acebeeefc9e86065c7ac8b8cc740a91ff"},
    {file = "regex-2022.3.15-cp310-cp310-manylinux_2_17_ppc64le.manylinux2014_ppc64le.whl", hash = "sha256:cb374a2a4dba7c4be0b19dc7b1adc50e6c2c26c3369ac629f50f3c198f3743a4"},
    {file = "regex-2022.3.15-cp310-cp310-manylinux_2_17_s390x.manylinux2014_s390x.whl", hash = "sha256:c33ce0c665dd325200209340a88438ba7a470bd5f09f7424e520e1a3ff835b52"},
    {file = "regex-2022.3.15-cp310-cp310-manylinux_2_17_x86_64.manylinux2014_x86_64.whl", hash = "sha256:04c09b9651fa814eeeb38e029dc1ae83149203e4eeb94e52bb868fadf64852bc"},
    {file = "regex-2022.3.15-cp310-cp310-manylinux_2_5_i686.manylinux1_i686.manylinux_2_17_i686.manylinux2014_i686.whl", hash = "sha256:ab5d89cfaf71807da93c131bb7a19c3e19eaefd613d14f3bce4e97de830b15df"},
    {file = "regex-2022.3.15-cp310-cp310-manylinux_2_5_x86_64.manylinux1_x86_64.manylinux_2_12_x86_64.manylinux2010_x86_64.whl", hash = "sha256:0e2630ae470d6a9f8e4967388c1eda4762706f5750ecf387785e0df63a4cc5af"},
    {file = "regex-2022.3.15-cp310-cp310-musllinux_1_1_aarch64.whl", hash = "sha256:df037c01d68d1958dad3463e2881d3638a0d6693483f58ad41001aa53a83fcea"},
    {file = "regex-2022.3.15-cp310-cp310-musllinux_1_1_i686.whl", hash = "sha256:940570c1a305bac10e8b2bc934b85a7709c649317dd16520471e85660275083a"},
    {file = "regex-2022.3.15-cp310-cp310-musllinux_1_1_ppc64le.whl", hash = "sha256:7f63877c87552992894ea1444378b9c3a1d80819880ae226bb30b04789c0828c"},
    {file = "regex-2022.3.15-cp310-cp310-musllinux_1_1_s390x.whl", hash = "sha256:3e265b388cc80c7c9c01bb4f26c9e536c40b2c05b7231fbb347381a2e1c8bf43"},
    {file = "regex-2022.3.15-cp310-cp310-musllinux_1_1_x86_64.whl", hash = "sha256:058054c7a54428d5c3e3739ac1e363dc9347d15e64833817797dc4f01fb94bb8"},
    {file = "regex-2022.3.15-cp310-cp310-win32.whl", hash = "sha256:76435a92e444e5b8f346aed76801db1c1e5176c4c7e17daba074fbb46cb8d783"},
    {file = "regex-2022.3.15-cp310-cp310-win_amd64.whl", hash = "sha256:174d964bc683b1e8b0970e1325f75e6242786a92a22cedb2a6ec3e4ae25358bd"},
    {file = "regex-2022.3.15-cp36-cp36m-macosx_10_9_x86_64.whl", hash = "sha256:6e1d8ed9e61f37881c8db383a124829a6e8114a69bd3377a25aecaeb9b3538f8"},
    {file = "regex-2022.3.15-cp36-cp36m-manylinux_2_17_aarch64.manylinux2014_aarch64.whl", hash = "sha256:b52771f05cff7517f7067fef19ffe545b1f05959e440d42247a17cd9bddae11b"},
    {file = "regex-2022.3.15-cp36-cp36m-manylinux_2_17_ppc64le.manylinux2014_ppc64le.whl", hash = "sha256:673f5a393d603c34477dbad70db30025ccd23996a2d0916e942aac91cc42b31a"},
    {file = "regex-2022.3.15-cp36-cp36m-manylinux_2_17_s390x.manylinux2014_s390x.whl", hash = "sha256:8923e1c5231549fee78ff9b2914fad25f2e3517572bb34bfaa3aea682a758683"},
    {file = "regex-2022.3.15-cp36-cp36m-manylinux_2_17_x86_64.manylinux2014_x86_64.whl", hash = "sha256:764e66a0e382829f6ad3bbce0987153080a511c19eb3d2f8ead3f766d14433ac"},
    {file = "regex-2022.3.15-cp36-cp36m-manylinux_2_5_i686.manylinux1_i686.manylinux_2_17_i686.manylinux2014_i686.whl", hash = "sha256:cd00859291658fe1fda48a99559fb34da891c50385b0bfb35b808f98956ef1e7"},
    {file = "regex-2022.3.15-cp36-cp36m-manylinux_2_5_x86_64.manylinux1_x86_64.manylinux_2_12_x86_64.manylinux2010_x86_64.whl", hash = "sha256:aa2ce79f3889720b46e0aaba338148a1069aea55fda2c29e0626b4db20d9fcb7"},
    {file = "regex-2022.3.15-cp36-cp36m-musllinux_1_1_aarch64.whl", hash = "sha256:34bb30c095342797608727baf5c8aa122406aa5edfa12107b8e08eb432d4c5d7"},
    {file = "regex-2022.3.15-cp36-cp36m-musllinux_1_1_i686.whl", hash = "sha256:25ecb1dffc5e409ca42f01a2b2437f93024ff1612c1e7983bad9ee191a5e8828"},
    {file = "regex-2022.3.15-cp36-cp36m-musllinux_1_1_ppc64le.whl", hash = "sha256:aa5eedfc2461c16a092a2fabc5895f159915f25731740c9152a1b00f4bcf629a"},
    {file = "regex-2022.3.15-cp36-cp36m-musllinux_1_1_s390x.whl", hash = "sha256:7d1a6e403ac8f1d91d8f51c441c3f99367488ed822bda2b40836690d5d0059f5"},
    {file = "regex-2022.3.15-cp36-cp36m-musllinux_1_1_x86_64.whl", hash = "sha256:3e4d710ff6539026e49f15a3797c6b1053573c2b65210373ef0eec24480b900b"},
    {file = "regex-2022.3.15-cp36-cp36m-win32.whl", hash = "sha256:0100f0ded953b6b17f18207907159ba9be3159649ad2d9b15535a74de70359d3"},
    {file = "regex-2022.3.15-cp36-cp36m-win_amd64.whl", hash = "sha256:f320c070dea3f20c11213e56dbbd7294c05743417cde01392148964b7bc2d31a"},
    {file = "regex-2022.3.15-cp37-cp37m-macosx_10_9_x86_64.whl", hash = "sha256:fc8c7958d14e8270171b3d72792b609c057ec0fa17d507729835b5cff6b7f69a"},
    {file = "regex-2022.3.15-cp37-cp37m-manylinux_2_17_aarch64.manylinux2014_aarch64.whl", hash = "sha256:6ca6dcd17f537e9f3793cdde20ac6076af51b2bd8ad5fe69fa54373b17b48d3c"},
    {file = "regex-2022.3.15-cp37-cp37m-manylinux_2_17_ppc64le.manylinux2014_ppc64le.whl", hash = "sha256:0214ff6dff1b5a4b4740cfe6e47f2c4c92ba2938fca7abbea1359036305c132f"},
    {file = "regex-2022.3.15-cp37-cp37m-manylinux_2_17_s390x.manylinux2014_s390x.whl", hash = "sha256:a98ae493e4e80b3ded6503ff087a8492db058e9c68de371ac3df78e88360b374"},
    {file = "regex-2022.3.15-cp37-cp37m-manylinux_2_17_x86_64.manylinux2014_x86_64.whl", hash = "sha256:8b1cc70e31aacc152a12b39245974c8fccf313187eead559ee5966d50e1b5817"},
    {file = "regex-2022.3.15-cp37-cp37m-manylinux_2_5_i686.manylinux1_i686.manylinux_2_17_i686.manylinux2014_i686.whl", hash = "sha256:b4829db3737480a9d5bfb1c0320c4ee13736f555f53a056aacc874f140e98f64"},
    {file = "regex-2022.3.15-cp37-cp37m-manylinux_2_5_x86_64.manylinux1_x86_64.manylinux_2_12_x86_64.manylinux2010_x86_64.whl", hash = "sha256:303b15a3d32bf5fe5a73288c316bac5807587f193ceee4eb6d96ee38663789fa"},
    {file = "regex-2022.3.15-cp37-cp37m-musllinux_1_1_aarch64.whl", hash = "sha256:dc7b7c16a519d924c50876fb152af661a20749dcbf653c8759e715c1a7a95b18"},
    {file = "regex-2022.3.15-cp37-cp37m-musllinux_1_1_i686.whl", hash = "sha256:ce3057777a14a9a1399b81eca6a6bfc9612047811234398b84c54aeff6d536ea"},
    {file = "regex-2022.3.15-cp37-cp37m-musllinux_1_1_ppc64le.whl", hash = "sha256:48081b6bff550fe10bcc20c01cf6c83dbca2ccf74eeacbfac240264775fd7ecf"},
    {file = "regex-2022.3.15-cp37-cp37m-musllinux_1_1_s390x.whl", hash = "sha256:dcbb7665a9db9f8d7642171152c45da60e16c4f706191d66a1dc47ec9f820aed"},
    {file = "regex-2022.3.15-cp37-cp37m-musllinux_1_1_x86_64.whl", hash = "sha256:c155a1a80c5e7a8fa1d9bb1bf3c8a953532b53ab1196092749bafb9d3a7cbb60"},
    {file = "regex-2022.3.15-cp37-cp37m-win32.whl", hash = "sha256:04b5ee2b6d29b4a99d38a6469aa1db65bb79d283186e8460542c517da195a8f6"},
    {file = "regex-2022.3.15-cp37-cp37m-win_amd64.whl", hash = "sha256:797437e6024dc1589163675ae82f303103063a0a580c6fd8d0b9a0a6708da29e"},
    {file = "regex-2022.3.15-cp38-cp38-macosx_10_9_x86_64.whl", hash = "sha256:8afcd1c2297bc989dceaa0379ba15a6df16da69493635e53431d2d0c30356086"},
    {file = "regex-2022.3.15-cp38-cp38-macosx_11_0_arm64.whl", hash = "sha256:0066a6631c92774391f2ea0f90268f0d82fffe39cb946f0f9c6b382a1c61a5e5"},
    {file = "regex-2022.3.15-cp38-cp38-manylinux_2_17_aarch64.manylinux2014_aarch64.whl", hash = "sha256:b8248f19a878c72d8c0a785a2cd45d69432e443c9f10ab924c29adda77b324ae"},
    {file = "regex-2022.3.15-cp38-cp38-manylinux_2_17_ppc64le.manylinux2014_ppc64le.whl", hash = "sha256:8d1f3ea0d1924feb4cf6afb2699259f658a08ac6f8f3a4a806661c2dfcd66db1"},
    {file = "regex-2022.3.15-cp38-cp38-manylinux_2_17_s390x.manylinux2014_s390x.whl", hash = "sha256:794a6bc66c43db8ed06698fc32aaeaac5c4812d9f825e9589e56f311da7becd9"},
    {file = "regex-2022.3.15-cp38-cp38-manylinux_2_17_x86_64.manylinux2014_x86_64.whl", hash = "sha256:4d1445824944e642ffa54c4f512da17a953699c563a356d8b8cbdad26d3b7598"},
    {file = "regex-2022.3.15-cp38-cp38-manylinux_2_5_i686.manylinux1_i686.manylinux_2_17_i686.manylinux2014_i686.whl", hash = "sha256:f553a1190ae6cd26e553a79f6b6cfba7b8f304da2071052fa33469da075ea625"},
    {file = "regex-2022.3.15-cp38-cp38-manylinux_2_5_x86_64.manylinux1_x86_64.manylinux_2_12_x86_64.manylinux2010_x86_64.whl", hash = "sha256:75a5e6ce18982f0713c4bac0704bf3f65eed9b277edd3fb9d2b0ff1815943327"},
    {file = "regex-2022.3.15-cp38-cp38-musllinux_1_1_aarch64.whl", hash = "sha256:f16cf7e4e1bf88fecf7f41da4061f181a6170e179d956420f84e700fb8a3fd6b"},
    {file = "regex-2022.3.15-cp38-cp38-musllinux_1_1_i686.whl", hash = "sha256:dad3991f0678facca1a0831ec1ddece2eb4d1dd0f5150acb9440f73a3b863907"},
    {file = "regex-2022.3.15-cp38-cp38-musllinux_1_1_ppc64le.whl", hash = "sha256:491fc754428514750ab21c2d294486223ce7385446f2c2f5df87ddbed32979ae"},
    {file = "regex-2022.3.15-cp38-cp38-musllinux_1_1_s390x.whl", hash = "sha256:6504c22c173bb74075d7479852356bb7ca80e28c8e548d4d630a104f231e04fb"},
    {file = "regex-2022.3.15-cp38-cp38-musllinux_1_1_x86_64.whl", hash = "sha256:01c913cf573d1da0b34c9001a94977273b5ee2fe4cb222a5d5b320f3a9d1a835"},
    {file = "regex-2022.3.15-cp38-cp38-win32.whl", hash = "sha256:029e9e7e0d4d7c3446aa92474cbb07dafb0b2ef1d5ca8365f059998c010600e6"},
    {file = "regex-2022.3.15-cp38-cp38-win_amd64.whl", hash = "sha256:947a8525c0a95ba8dc873191f9017d1b1e3024d4dc757f694e0af3026e34044a"},
    {file = "regex-2022.3.15-cp39-cp39-macosx_10_9_x86_64.whl", hash = "sha256:591d4fba554f24bfa0421ba040cd199210a24301f923ed4b628e1e15a1001ff4"},
    {file = "regex-2022.3.15-cp39-cp39-macosx_11_0_arm64.whl", hash = "sha256:b9809404528a999cf02a400ee5677c81959bc5cb938fdc696b62eb40214e3632"},
    {file = "regex-2022.3.15-cp39-cp39-manylinux_2_17_aarch64.manylinux2014_aarch64.whl", hash = "sha256:f08a7e4d62ea2a45557f561eea87c907222575ca2134180b6974f8ac81e24f06"},
    {file = "regex-2022.3.15-cp39-cp39-manylinux_2_17_ppc64le.manylinux2014_ppc64le.whl", hash = "sha256:5a86cac984da35377ca9ac5e2e0589bd11b3aebb61801204bd99c41fac516f0d"},
    {file = "regex-2022.3.15-cp39-cp39-manylinux_2_17_s390x.manylinux2014_s390x.whl", hash = "sha256:286908cbe86b1a0240a867aecfe26a439b16a1f585d2de133540549831f8e774"},
    {file = "regex-2022.3.15-cp39-cp39-manylinux_2_17_x86_64.manylinux2014_x86_64.whl", hash = "sha256:7b7494df3fdcc95a1f76cf134d00b54962dd83189520fd35b8fcd474c0aa616d"},
    {file = "regex-2022.3.15-cp39-cp39-manylinux_2_5_i686.manylinux1_i686.manylinux_2_17_i686.manylinux2014_i686.whl", hash = "sha256:5b1ceede92400b3acfebc1425937454aaf2c62cd5261a3fabd560c61e74f6da3"},
    {file = "regex-2022.3.15-cp39-cp39-manylinux_2_5_x86_64.manylinux1_x86_64.manylinux_2_12_x86_64.manylinux2010_x86_64.whl", hash = "sha256:0317eb6331146c524751354ebef76a7a531853d7207a4d760dfb5f553137a2a4"},
    {file = "regex-2022.3.15-cp39-cp39-musllinux_1_1_aarch64.whl", hash = "sha256:9c144405220c5ad3f5deab4c77f3e80d52e83804a6b48b6bed3d81a9a0238e4c"},
    {file = "regex-2022.3.15-cp39-cp39-musllinux_1_1_i686.whl", hash = "sha256:5b2e24f3ae03af3d8e8e6d824c891fea0ca9035c5d06ac194a2700373861a15c"},
    {file = "regex-2022.3.15-cp39-cp39-musllinux_1_1_ppc64le.whl", hash = "sha256:f2c53f3af011393ab5ed9ab640fa0876757498aac188f782a0c620e33faa2a3d"},
    {file = "regex-2022.3.15-cp39-cp39-musllinux_1_1_s390x.whl", hash = "sha256:060f9066d2177905203516c62c8ea0066c16c7342971d54204d4e51b13dfbe2e"},
    {file = "regex-2022.3.15-cp39-cp39-musllinux_1_1_x86_64.whl", hash = "sha256:530a3a16e57bd3ea0dff5ec2695c09632c9d6c549f5869d6cf639f5f7153fb9c"},
    {file = "regex-2022.3.15-cp39-cp39-win32.whl", hash = "sha256:78ce90c50d0ec970bd0002462430e00d1ecfd1255218d52d08b3a143fe4bde18"},
    {file = "regex-2022.3.15-cp39-cp39-win_amd64.whl", hash = "sha256:c5adc854764732dbd95a713f2e6c3e914e17f2ccdc331b9ecb777484c31f73b6"},
    {file = "regex-2022.3.15.tar.gz", hash = "sha256:0a7b75cc7bb4cc0334380053e4671c560e31272c9d2d5a6c4b8e9ae2c9bd0f82"},
]
roman = [
    {file = "roman-3.3-py2.py3-none-any.whl", hash = "sha256:c2a1f14ab47373aecc141edbcdd66595949c9d0ed932fe76bd547df1b55f7278"},
    {file = "roman-3.3.tar.gz", hash = "sha256:2c46ac8db827d34e4fa9ccc0577e7f0b0d84f16ffe112351bd4f1ec2eb12d73f"},
]
selenium = [
    {file = "selenium-4.1.3-py3-none-any.whl", hash = "sha256:14d28a628c831c105d38305c881c9c7847199bfd728ec84240c5e86fa1c9bd5a"},
]
sniffio = [
    {file = "sniffio-1.2.0-py3-none-any.whl", hash = "sha256:471b71698eac1c2112a40ce2752bb2f4a4814c22a54a3eed3676bc0f5ca9f663"},
    {file = "sniffio-1.2.0.tar.gz", hash = "sha256:c4666eecec1d3f50960c6bdf61ab7bc350648da6c126e3cf6898d8cd4ddcd3de"},
]
sortedcontainers = [
    {file = "sortedcontainers-2.4.0-py2.py3-none-any.whl", hash = "sha256:a163dcaede0f1c021485e957a39245190e74249897e2ae4b2aa38595db237ee0"},
    {file = "sortedcontainers-2.4.0.tar.gz", hash = "sha256:25caa5a06cc30b6b83d11423433f65d1f9d76c4c6a0c90e3379eaa43b9bfdb88"},
]
toml = [
    {file = "toml-0.10.2-py2.py3-none-any.whl", hash = "sha256:806143ae5bfb6a3c6e736a764057db0e6a0e05e338b5630894a5f779cabb4f9b"},
    {file = "toml-0.10.2.tar.gz", hash = "sha256:b3bda1d108d5dd99f4a20d24d9c348e91c4db7ab1b749200bded2f839ccbe68f"},
]
tomli = [
    {file = "tomli-2.0.1-py3-none-any.whl", hash = "sha256:939de3e7a6161af0c887ef91b7d41a53e7c5a1ca976325f429cb46ea9bc30ecc"},
    {file = "tomli-2.0.1.tar.gz", hash = "sha256:de526c12914f0c550d15924c62d72abc48d6fe7364aa87328337a31007fe8a4f"},
]
trio = [
    {file = "trio-0.20.0-py3-none-any.whl", hash = "sha256:fb2d48e4eab0dfb786a472cd514aaadc71e3445b203bc300bad93daa75d77c1a"},
    {file = "trio-0.20.0.tar.gz", hash = "sha256:670a52d3115d0e879e1ac838a4eb999af32f858163e3a704fe4839de2a676070"},
]
trio-websocket = [
    {file = "trio-websocket-0.9.2.tar.gz", hash = "sha256:a3d34de8fac26023eee701ed1e7bf4da9a8326b61a62934ec9e53b64970fd8fe"},
    {file = "trio_websocket-0.9.2-py3-none-any.whl", hash = "sha256:5b558f6e83cc20a37c3b61202476c5295d1addf57bd65543364e0337e37ed2bc"},
]
typer = [
    {file = "typer-0.4.0-py3-none-any.whl", hash = "sha256:d81169725140423d072df464cad1ff25ee154ef381aaf5b8225352ea187ca338"},
    {file = "typer-0.4.0.tar.gz", hash = "sha256:63c3aeab0549750ffe40da79a1b524f60e08a2cbc3126c520ebf2eeaf507f5dd"},
]
urllib3 = [
    {file = "urllib3-1.26.9-py2.py3-none-any.whl", hash = "sha256:44ece4d53fb1706f667c9bd1c648f5469a2ec925fcf3a776667042d645472c14"},
    {file = "urllib3-1.26.9.tar.gz", hash = "sha256:aabaf16477806a5e1dd19aa41f8c2b7950dd3c746362d7e3223dbe6de6ac448e"},
]
wsproto = [
    {file = "wsproto-1.1.0-py3-none-any.whl", hash = "sha256:2218cb57952d90b9fca325c0dcfb08c3bda93e8fd8070b0a17f048e2e47a521b"},
    {file = "wsproto-1.1.0.tar.gz", hash = "sha256:a2e56bfd5c7cd83c1369d83b5feccd6d37798b74872866e62616e0ecf111bda8"},
]
